
Microsoft Visual Studio Solution File, Format Version 12.00
# Visual Studio Version 17
VisualStudioVersion = 17.0.32112.339
MinimumVisualStudioVersion = 10.0.40219.1
Project("{9A19103F-16F7-4668-BE54-9A1E7A4F7556}") = "EducationalTeamsBotApi.Application", "EducationalTeamsBotApi\EducationalTeamsBotApi.Application\EducationalTeamsBotApi.Application.csproj", "{27F20776-D57B-407B-A435-5545FB473EBA}"
EndProject
Project("{9A19103F-16F7-4668-BE54-9A1E7A4F7556}") = "EducationalTeamsBotApi.Domain", "EducationalTeamsBotApi\EducationalTeamsBotApi.Domain\EducationalTeamsBotApi.Domain.csproj", "{7E5EEB4D-8EA3-44FB-AD3A-C9FE374D405F}"
EndProject
Project("{9A19103F-16F7-4668-BE54-9A1E7A4F7556}") = "EducationalTeamsBotApi.Infrastructure", "EducationalTeamsBotApi\EducationalTeamsBotApi.Infrastructure\EducationalTeamsBotApi.Infrastructure.csproj", "{1CF9A688-ED0F-45A7-8EF1-CF6E071CF778}"
EndProject
Project("{9A19103F-16F7-4668-BE54-9A1E7A4F7556}") = "EducationalTeamsBotApi.WebApi", "EducationalTeamsBotApi\EducationalTeamsBotApi.WebApi\EducationalTeamsBotApi.WebApi.csproj", "{5E81F3ED-963C-4B95-81F1-CAE18A6902FD}"
EndProject
Project("{FAE04EC0-301F-11D3-BF4B-00C04F79EFBC}") = "EducationalTeamsBotApi.UnitTests", "EducationalTeamsBotApi.UnitTests\EducationalTeamsBotApi.UnitTests.csproj", "{B0068A7E-4CFD-4997-9F35-D99C88C6ED76}"
EndProject
Global
	GlobalSection(SolutionConfigurationPlatforms) = preSolution
		Debug|Any CPU = Debug|Any CPU
		Release|Any CPU = Release|Any CPU
	EndGlobalSection
	GlobalSection(ProjectConfigurationPlatforms) = postSolution
		{27F20776-D57B-407B-A435-5545FB473EBA}.Debug|Any CPU.ActiveCfg = Debug|Any CPU
		{27F20776-D57B-407B-A435-5545FB473EBA}.Debug|Any CPU.Build.0 = Debug|Any CPU
		{27F20776-D57B-407B-A435-5545FB473EBA}.Release|Any CPU.ActiveCfg = Release|Any CPU
		{27F20776-D57B-407B-A435-5545FB473EBA}.Release|Any CPU.Build.0 = Release|Any CPU
		{7E5EEB4D-8EA3-44FB-AD3A-C9FE374D405F}.Debug|Any CPU.ActiveCfg = Debug|Any CPU
		{7E5EEB4D-8EA3-44FB-AD3A-C9FE374D405F}.Debug|Any CPU.Build.0 = Debug|Any CPU
		{7E5EEB4D-8EA3-44FB-AD3A-C9FE374D405F}.Release|Any CPU.ActiveCfg = Release|Any CPU
		{7E5EEB4D-8EA3-44FB-AD3A-C9FE374D405F}.Release|Any CPU.Build.0 = Release|Any CPU
		{1CF9A688-ED0F-45A7-8EF1-CF6E071CF778}.Debug|Any CPU.ActiveCfg = Debug|Any CPU
		{1CF9A688-ED0F-45A7-8EF1-CF6E071CF778}.Debug|Any CPU.Build.0 = Debug|Any CPU
		{1CF9A688-ED0F-45A7-8EF1-CF6E071CF778}.Release|Any CPU.ActiveCfg = Release|Any CPU
		{1CF9A688-ED0F-45A7-8EF1-CF6E071CF778}.Release|Any CPU.Build.0 = Release|Any CPU
		{5E81F3ED-963C-4B95-81F1-CAE18A6902FD}.Debug|Any CPU.ActiveCfg = Debug|Any CPU
		{5E81F3ED-963C-4B95-81F1-CAE18A6902FD}.Debug|Any CPU.Build.0 = Debug|Any CPU
		{5E81F3ED-963C-4B95-81F1-CAE18A6902FD}.Release|Any CPU.ActiveCfg = Release|Any CPU
		{5E81F3ED-963C-4B95-81F1-CAE18A6902FD}.Release|Any CPU.Build.0 = Release|Any CPU
		{B0068A7E-4CFD-4997-9F35-D99C88C6ED76}.Debug|Any CPU.ActiveCfg = Debug|Any CPU
		{B0068A7E-4CFD-4997-9F35-D99C88C6ED76}.Debug|Any CPU.Build.0 = Debug|Any CPU
		{B0068A7E-4CFD-4997-9F35-D99C88C6ED76}.Release|Any CPU.ActiveCfg = Release|Any CPU
		{B0068A7E-4CFD-4997-9F35-D99C88C6ED76}.Release|Any CPU.Build.0 = Release|Any CPU
	EndGlobalSection
	GlobalSection(SolutionProperties) = preSolution
		HideSolutionNode = FALSE
	EndGlobalSection
	GlobalSection(ExtensibilityGlobals) = postSolution
		SolutionGuid = {8D70B24F-6451-4575-8FD8-9F57139B9294}
	EndGlobalSection
EndGlobal
